
Microsoft Visual Studio Solution File, Format Version 12.00
# Visual Studio Version 16
VisualStudioVersion = 16.0.31911.196
MinimumVisualStudioVersion = 10.0.40219.1
Project("{FAE04EC0-301F-11D3-BF4B-00C04F79EFBC}") = "EncryptUsingAES", "EncryptUsingAES.csproj", "{FAC8D3AB-0AF5-450F-925B-C85E7EAC971C}"
EndProject
Global
	GlobalSection(SolutionConfigurationPlatforms) = preSolution
		Debug|Any CPU = Debug|Any CPU
		Release|Any CPU = Release|Any CPU
	EndGlobalSection
	GlobalSection(ProjectConfigurationPlatforms) = postSolution
		{FAC8D3AB-0AF5-450F-925B-C85E7EAC971C}.Debug|Any CPU.ActiveCfg = Debug|Any CPU
		{FAC8D3AB-0AF5-450F-925B-C85E7EAC971C}.Debug|Any CPU.Build.0 = Debug|Any CPU
		{FAC8D3AB-0AF5-450F-925B-C85E7EAC971C}.Release|Any CPU.ActiveCfg = Release|Any CPU
		{FAC8D3AB-0AF5-450F-925B-C85E7EAC971C}.Release|Any CPU.Build.0 = Release|Any CPU
	EndGlobalSection
	GlobalSection(SolutionProperties) = preSolution
		HideSolutionNode = FALSE
	EndGlobalSection
	GlobalSection(ExtensibilityGlobals) = postSolution
		SolutionGuid = {6804F607-E7C5-46BF-836B-A76A8B57A430}
	EndGlobalSection
EndGlobal
